
Microsoft Visual Studio Solution File, Format Version 12.00
# Visual Studio Version 16
VisualStudioVersion = 16.0.30413.136
MinimumVisualStudioVersion = 10.0.40219.1
Project("{FAE04EC0-301F-11D3-BF4B-00C04F79EFBC}") = "POO_Tarea", "POO_Tarea\POO_Tarea.csproj", "{41E04974-4DCE-4E8C-9E23-07485A430910}"
EndProject
Global
	GlobalSection(SolutionConfigurationPlatforms) = preSolution
		Debug|Any CPU = Debug|Any CPU
		Release|Any CPU = Release|Any CPU
	EndGlobalSection
	GlobalSection(ProjectConfigurationPlatforms) = postSolution
		{41E04974-4DCE-4E8C-9E23-07485A430910}.Debug|Any CPU.ActiveCfg = Debug|Any CPU
		{41E04974-4DCE-4E8C-9E23-07485A430910}.Debug|Any CPU.Build.0 = Debug|Any CPU
		{41E04974-4DCE-4E8C-9E23-07485A430910}.Release|Any CPU.ActiveCfg = Release|Any CPU
		{41E04974-4DCE-4E8C-9E23-07485A430910}.Release|Any CPU.Build.0 = Release|Any CPU
	EndGlobalSection
	GlobalSection(SolutionProperties) = preSolution
		HideSolutionNode = FALSE
	EndGlobalSection
	GlobalSection(ExtensibilityGlobals) = postSolution
		SolutionGuid = {57879F5E-C529-46C1-BDDF-DBB74E01F9E2}
	EndGlobalSection
EndGlobal
